{
  "version": 4,
  "terraform_version": "1.5.7",
  "serial": 66,
  "lineage": "35f55e79-5071-278c-13f5-7bef35b288fa",
  "outputs": {},
  "resources": [
    {
      "module": "module.Front_Door",
      "mode": "data",
      "type": "azurerm_cdn_frontdoor_endpoint",
      "name": "endpoints",
      "provider": "provider[\"registry.terraform.io/hashicorp/azurerm\"]",
      "instances": [
        {
          "index_key": "applications-endpoint",
          "schema_version": 0,
          "attributes": {
            "enabled": true,
            "host_name": "applications-endpoint-cmbnfvcbeqbddthk.z01.azurefd.net",
            "id": "/subscriptions/b4794ef1-0cdc-4c13-ab35-36826e82095a/resourceGroups/rg-smiling-swine/providers/Microsoft.Cdn/profiles/Front-Door-Standard/afdEndpoints/applications-endpoint",
            "name": "applications-endpoint",
            "profile_name": "Front-Door-Standard",
            "resource_group_name": "rg-smiling-swine",
            "tags": {
              "managed-by": "Terraform"
            },
            "timeouts": null
          },
          "sensitive_attributes": []
        },
        {
          "index_key": "back-office-endpoint",
          "schema_version": 0,
          "attributes": {
            "enabled": true,
            "host_name": "back-office-endpoint-etdsezbrftbndve0.z01.azurefd.net",
            "id": "/subscriptions/b4794ef1-0cdc-4c13-ab35-36826e82095a/resourceGroups/rg-smiling-swine/providers/Microsoft.Cdn/profiles/Front-Door-Standard/afdEndpoints/back-office-endpoint",
            "name": "back-office-endpoint",
            "profile_name": "Front-Door-Standard",
            "resource_group_name": "rg-smiling-swine",
            "tags": {
              "managed-by": "Terraform"
            },
            "timeouts": null
          },
          "sensitive_attributes": []
        }
      ]
    },
    {
      "module": "module.Front_Door",
      "mode": "data",
      "type": "azurerm_cdn_frontdoor_origin_group",
      "name": "origin_groups",
      "provider": "provider[\"registry.terraform.io/hashicorp/azurerm\"]",
      "instances": [
        {
          "index_key": "applications",
          "schema_version": 0,
          "attributes": {
            "cdn_frontdoor_profile_id": "/subscriptions/b4794ef1-0cdc-4c13-ab35-36826e82095a/resourceGroups/rg-smiling-swine/providers/Microsoft.Cdn/profiles/Front-Door-Standard",
            "health_probe": [
              {
                "interval_in_seconds": 100,
                "path": "/",
                "protocol": "Http",
                "request_type": "HEAD"
              }
            ],
            "id": "/subscriptions/b4794ef1-0cdc-4c13-ab35-36826e82095a/resourceGroups/rg-smiling-swine/providers/Microsoft.Cdn/profiles/Front-Door-Standard/originGroups/applications",
            "load_balancing": [
              {
                "additional_latency_in_milliseconds": 50,
                "sample_size": 4,
                "successful_samples_required": 3
              }
            ],
            "name": "applications",
            "profile_name": "Front-Door-Standard",
            "resource_group_name": "rg-smiling-swine",
            "restore_traffic_time_to_healed_or_new_endpoint_in_minutes": 10,
            "session_affinity_enabled": false,
            "timeouts": null
          },
          "sensitive_attributes": []
        },
        {
          "index_key": "back-office",
          "schema_version": 0,
          "attributes": {
            "cdn_frontdoor_profile_id": "/subscriptions/b4794ef1-0cdc-4c13-ab35-36826e82095a/resourceGroups/rg-smiling-swine/providers/Microsoft.Cdn/profiles/Front-Door-Standard",
            "health_probe": [
              {
                "interval_in_seconds": 100,
                "path": "/",
                "protocol": "Http",
                "request_type": "HEAD"
              }
            ],
            "id": "/subscriptions/b4794ef1-0cdc-4c13-ab35-36826e82095a/resourceGroups/rg-smiling-swine/providers/Microsoft.Cdn/profiles/Front-Door-Standard/originGroups/back-office",
            "load_balancing": [
              {
                "additional_latency_in_milliseconds": 50,
                "sample_size": 4,
                "successful_samples_required": 3
              }
            ],
            "name": "back-office",
            "profile_name": "Front-Door-Standard",
            "resource_group_name": "rg-smiling-swine",
            "restore_traffic_time_to_healed_or_new_endpoint_in_minutes": 10,
            "session_affinity_enabled": false,
            "timeouts": null
          },
          "sensitive_attributes": []
        }
      ]
    },
    {
      "module": "module.Front_Door",
      "mode": "data",
      "type": "azurerm_resource_group",
      "name": "current",
      "provider": "provider[\"registry.terraform.io/hashicorp/azurerm\"]",
      "instances": [
        {
          "schema_version": 0,
          "attributes": {
            "id": "/subscriptions/b4794ef1-0cdc-4c13-ab35-36826e82095a/resourceGroups/rg-smiling-swine",
            "location": "uksouth",
            "managed_by": "",
            "name": "rg-smiling-swine",
            "tags": {
              "environment": "sandpit",
              "location": "uksouth",
              "project": "arkate"
            },
            "timeouts": null
          },
          "sensitive_attributes": []
        }
      ]
    },
    {
      "module": "module.Front_Door",
      "mode": "managed",
      "type": "azurerm_cdn_frontdoor_endpoint",
      "name": "endpoints",
      "provider": "provider[\"registry.terraform.io/hashicorp/azurerm\"]",
      "instances": [
        {
          "index_key": "applications-endpoint",
          "schema_version": 0,
          "attributes": {
            "cdn_frontdoor_profile_id": "/subscriptions/b4794ef1-0cdc-4c13-ab35-36826e82095a/resourceGroups/rg-smiling-swine/providers/Microsoft.Cdn/profiles/Front-Door-Standard",
            "enabled": true,
            "host_name": "applications-endpoint-cmbnfvcbeqbddthk.z01.azurefd.net",
            "id": "/subscriptions/b4794ef1-0cdc-4c13-ab35-36826e82095a/resourceGroups/rg-smiling-swine/providers/Microsoft.Cdn/profiles/Front-Door-Standard/afdEndpoints/applications-endpoint",
            "name": "applications-endpoint",
            "tags": {
              "managed-by": "Terraform"
            },
            "timeouts": null
          },
          "sensitive_attributes": [],
          "private": "eyJlMmJmYjczMC1lY2FhLTExZTYtOGY4OC0zNDM2M2JjN2M0YzAiOnsiY3JlYXRlIjoxODAwMDAwMDAwMDAwLCJkZWxldGUiOjE4MDAwMDAwMDAwMDAsInJlYWQiOjMwMDAwMDAwMDAwMCwidXBkYXRlIjoxODAwMDAwMDAwMDAwfX0=",
          "dependencies": [
            "module.Front_Door.azurerm_cdn_frontdoor_profile.profile",
            "module.Front_Door.data.azurerm_resource_group.current"
          ]
        },
        {
          "index_key": "back-office-endpoint",
          "schema_version": 0,
          "attributes": {
            "cdn_frontdoor_profile_id": "/subscriptions/b4794ef1-0cdc-4c13-ab35-36826e82095a/resourceGroups/rg-smiling-swine/providers/Microsoft.Cdn/profiles/Front-Door-Standard",
            "enabled": true,
            "host_name": "back-office-endpoint-etdsezbrftbndve0.z01.azurefd.net",
            "id": "/subscriptions/b4794ef1-0cdc-4c13-ab35-36826e82095a/resourceGroups/rg-smiling-swine/providers/Microsoft.Cdn/profiles/Front-Door-Standard/afdEndpoints/back-office-endpoint",
            "name": "back-office-endpoint",
            "tags": {
              "managed-by": "Terraform"
            },
            "timeouts": null
          },
          "sensitive_attributes": [],
          "private": "eyJlMmJmYjczMC1lY2FhLTExZTYtOGY4OC0zNDM2M2JjN2M0YzAiOnsiY3JlYXRlIjoxODAwMDAwMDAwMDAwLCJkZWxldGUiOjE4MDAwMDAwMDAwMDAsInJlYWQiOjMwMDAwMDAwMDAwMCwidXBkYXRlIjoxODAwMDAwMDAwMDAwfX0=",
          "dependencies": [
            "module.Front_Door.azurerm_cdn_frontdoor_profile.profile",
            "module.Front_Door.data.azurerm_resource_group.current"
          ]
        }
      ]
    },
    {
      "module": "module.Front_Door",
      "mode": "managed",
      "type": "azurerm_cdn_frontdoor_origin",
      "name": "origins",
      "provider": "provider[\"registry.terraform.io/hashicorp/azurerm\"]",
      "instances": [
        {
          "index_key": 0,
          "schema_version": 0,
          "attributes": {
            "cdn_frontdoor_origin_group_id": "/subscriptions/b4794ef1-0cdc-4c13-ab35-36826e82095a/resourceGroups/rg-smiling-swine/providers/Microsoft.Cdn/profiles/Front-Door-Standard/originGroups/applications",
            "certificate_name_check_enabled": true,
            "enabled": true,
            "health_probes_enabled": true,
            "host_name": "webapp-arkate-002.azurewebsites.net",
            "http_port": 80,
            "https_port": 443,
            "id": "/subscriptions/b4794ef1-0cdc-4c13-ab35-36826e82095a/resourceGroups/rg-smiling-swine/providers/Microsoft.Cdn/profiles/Front-Door-Standard/originGroups/applications/origins/webapp-arkate-002",
            "name": "webapp-arkate-002",
            "origin_host_header": "webapp-arkate-002.azurewebsites.net",
            "priority": 1,
            "private_link": [],
            "timeouts": null,
            "weight": 500
          },
          "sensitive_attributes": [],
          "private": "eyJlMmJmYjczMC1lY2FhLTExZTYtOGY4OC0zNDM2M2JjN2M0YzAiOnsiY3JlYXRlIjoxODAwMDAwMDAwMDAwLCJkZWxldGUiOjE4MDAwMDAwMDAwMDAsInJlYWQiOjMwMDAwMDAwMDAwMCwidXBkYXRlIjoxODAwMDAwMDAwMDAwfX0=",
          "dependencies": [
            "module.Front_Door.azurerm_cdn_frontdoor_origin_group.origin_groups",
            "module.Front_Door.azurerm_cdn_frontdoor_profile.profile",
            "module.Front_Door.data.azurerm_cdn_frontdoor_origin_group.origin_groups",
            "module.Front_Door.data.azurerm_resource_group.current"
          ]
        },
        {
          "index_key": 1,
          "schema_version": 0,
          "attributes": {
            "cdn_frontdoor_origin_group_id": "/subscriptions/b4794ef1-0cdc-4c13-ab35-36826e82095a/resourceGroups/rg-smiling-swine/providers/Microsoft.Cdn/profiles/Front-Door-Standard/originGroups/back-office",
            "certificate_name_check_enabled": true,
            "enabled": true,
            "health_probes_enabled": true,
            "host_name": "webapp-arkate-001.azurewebsites.net",
            "http_port": 80,
            "https_port": 443,
            "id": "/subscriptions/b4794ef1-0cdc-4c13-ab35-36826e82095a/resourceGroups/rg-smiling-swine/providers/Microsoft.Cdn/profiles/Front-Door-Standard/originGroups/back-office/origins/webapp-arkate-001",
            "name": "webapp-arkate-001",
            "origin_host_header": "webapp-arkate-001.azurewebsites.net",
            "priority": 1,
            "private_link": [],
            "timeouts": null,
            "weight": 500
          },
          "sensitive_attributes": [],
          "private": "eyJlMmJmYjczMC1lY2FhLTExZTYtOGY4OC0zNDM2M2JjN2M0YzAiOnsiY3JlYXRlIjoxODAwMDAwMDAwMDAwLCJkZWxldGUiOjE4MDAwMDAwMDAwMDAsInJlYWQiOjMwMDAwMDAwMDAwMCwidXBkYXRlIjoxODAwMDAwMDAwMDAwfX0=",
          "dependencies": [
            "module.Front_Door.azurerm_cdn_frontdoor_origin_group.origin_groups",
            "module.Front_Door.azurerm_cdn_frontdoor_profile.profile",
            "module.Front_Door.data.azurerm_cdn_frontdoor_origin_group.origin_groups",
            "module.Front_Door.data.azurerm_resource_group.current"
          ]
        },
        {
          "index_key": 2,
          "schema_version": 0,
          "attributes": {
            "cdn_frontdoor_origin_group_id": "/subscriptions/b4794ef1-0cdc-4c13-ab35-36826e82095a/resourceGroups/rg-smiling-swine/providers/Microsoft.Cdn/profiles/Front-Door-Standard/originGroups/back-office",
            "certificate_name_check_enabled": true,
            "enabled": true,
            "health_probes_enabled": true,
            "host_name": "webapp-arkate-002.azurewebsites.net",
            "http_port": 80,
            "https_port": 443,
            "id": "/subscriptions/b4794ef1-0cdc-4c13-ab35-36826e82095a/resourceGroups/rg-smiling-swine/providers/Microsoft.Cdn/profiles/Front-Door-Standard/originGroups/back-office/origins/webapp-arkate-002",
            "name": "webapp-arkate-002",
            "origin_host_header": "webapp-arkate-002.azurewebsites.net",
            "priority": 1,
            "private_link": [],
            "timeouts": null,
            "weight": 500
          },
          "sensitive_attributes": [],
          "private": "eyJlMmJmYjczMC1lY2FhLTExZTYtOGY4OC0zNDM2M2JjN2M0YzAiOnsiY3JlYXRlIjoxODAwMDAwMDAwMDAwLCJkZWxldGUiOjE4MDAwMDAwMDAwMDAsInJlYWQiOjMwMDAwMDAwMDAwMCwidXBkYXRlIjoxODAwMDAwMDAwMDAwfX0=",
          "dependencies": [
            "module.Front_Door.azurerm_cdn_frontdoor_origin_group.origin_groups",
            "module.Front_Door.azurerm_cdn_frontdoor_profile.profile",
            "module.Front_Door.data.azurerm_cdn_frontdoor_origin_group.origin_groups",
            "module.Front_Door.data.azurerm_resource_group.current"
          ]
        }
      ]
    },
    {
      "module": "module.Front_Door",
      "mode": "managed",
      "type": "azurerm_cdn_frontdoor_origin_group",
      "name": "origin_groups",
      "provider": "provider[\"registry.terraform.io/hashicorp/azurerm\"]",
      "instances": [
        {
          "index_key": "applications",
          "schema_version": 0,
          "attributes": {
            "cdn_frontdoor_profile_id": "/subscriptions/b4794ef1-0cdc-4c13-ab35-36826e82095a/resourceGroups/rg-smiling-swine/providers/Microsoft.Cdn/profiles/Front-Door-Standard",
            "health_probe": [
              {
                "interval_in_seconds": 100,
                "path": "/",
                "protocol": "Http",
                "request_type": "HEAD"
              }
            ],
            "id": "/subscriptions/b4794ef1-0cdc-4c13-ab35-36826e82095a/resourceGroups/rg-smiling-swine/providers/Microsoft.Cdn/profiles/Front-Door-Standard/originGroups/applications",
            "load_balancing": [
              {
                "additional_latency_in_milliseconds": 50,
                "sample_size": 4,
                "successful_samples_required": 3
              }
            ],
            "name": "applications",
            "restore_traffic_time_to_healed_or_new_endpoint_in_minutes": 10,
            "session_affinity_enabled": false,
            "timeouts": null
          },
          "sensitive_attributes": [],
          "private": "eyJlMmJmYjczMC1lY2FhLTExZTYtOGY4OC0zNDM2M2JjN2M0YzAiOnsiY3JlYXRlIjoxODAwMDAwMDAwMDAwLCJkZWxldGUiOjE4MDAwMDAwMDAwMDAsInJlYWQiOjMwMDAwMDAwMDAwMCwidXBkYXRlIjoxODAwMDAwMDAwMDAwfX0=",
          "dependencies": [
            "module.Front_Door.azurerm_cdn_frontdoor_profile.profile",
            "module.Front_Door.data.azurerm_resource_group.current"
          ]
        },
        {
          "index_key": "back-office",
          "schema_version": 0,
          "attributes": {
            "cdn_frontdoor_profile_id": "/subscriptions/b4794ef1-0cdc-4c13-ab35-36826e82095a/resourceGroups/rg-smiling-swine/providers/Microsoft.Cdn/profiles/Front-Door-Standard",
            "health_probe": [
              {
                "interval_in_seconds": 100,
                "path": "/",
                "protocol": "Http",
                "request_type": "HEAD"
              }
            ],
            "id": "/subscriptions/b4794ef1-0cdc-4c13-ab35-36826e82095a/resourceGroups/rg-smiling-swine/providers/Microsoft.Cdn/profiles/Front-Door-Standard/originGroups/back-office",
            "load_balancing": [
              {
                "additional_latency_in_milliseconds": 50,
                "sample_size": 4,
                "successful_samples_required": 3
              }
            ],
            "name": "back-office",
            "restore_traffic_time_to_healed_or_new_endpoint_in_minutes": 10,
            "session_affinity_enabled": false,
            "timeouts": null
          },
          "sensitive_attributes": [],
          "private": "eyJlMmJmYjczMC1lY2FhLTExZTYtOGY4OC0zNDM2M2JjN2M0YzAiOnsiY3JlYXRlIjoxODAwMDAwMDAwMDAwLCJkZWxldGUiOjE4MDAwMDAwMDAwMDAsInJlYWQiOjMwMDAwMDAwMDAwMCwidXBkYXRlIjoxODAwMDAwMDAwMDAwfX0=",
          "dependencies": [
            "module.Front_Door.azurerm_cdn_frontdoor_profile.profile",
            "module.Front_Door.data.azurerm_resource_group.current"
          ]
        }
      ]
    },
    {
      "module": "module.Front_Door",
      "mode": "managed",
      "type": "azurerm_cdn_frontdoor_profile",
      "name": "profile",
      "provider": "provider[\"registry.terraform.io/hashicorp/azurerm\"]",
      "instances": [
        {
          "schema_version": 0,
          "attributes": {
            "id": "/subscriptions/b4794ef1-0cdc-4c13-ab35-36826e82095a/resourceGroups/rg-smiling-swine/providers/Microsoft.Cdn/profiles/Front-Door-Standard",
            "name": "Front-Door-Standard",
            "resource_group_name": "rg-smiling-swine",
            "resource_guid": "3d125bd6-af6b-495c-9fda-498506fb9a0d",
            "response_timeout_seconds": 120,
            "sku_name": "Standard_AzureFrontDoor",
            "tags": {
              "managed-by": "Terraform"
            },
            "timeouts": null
          },
          "sensitive_attributes": [],
          "private": "eyJlMmJmYjczMC1lY2FhLTExZTYtOGY4OC0zNDM2M2JjN2M0YzAiOnsiY3JlYXRlIjoxODAwMDAwMDAwMDAwLCJkZWxldGUiOjE4MDAwMDAwMDAwMDAsInJlYWQiOjMwMDAwMDAwMDAwMCwidXBkYXRlIjoxODAwMDAwMDAwMDAwfX0=",
          "dependencies": [
            "module.Front_Door.data.azurerm_resource_group.current"
          ]
        }
      ]
    },
    {
      "module": "module.Front_Door",
      "mode": "managed",
      "type": "azurerm_cdn_frontdoor_route",
      "name": "routes",
      "provider": "provider[\"registry.terraform.io/hashicorp/azurerm\"]",
      "instances": [
        {
          "index_key": 0,
          "schema_version": 0,
          "attributes": {
            "cache": [],
            "cdn_frontdoor_custom_domain_ids": null,
            "cdn_frontdoor_endpoint_id": "/subscriptions/b4794ef1-0cdc-4c13-ab35-36826e82095a/resourceGroups/rg-smiling-swine/providers/Microsoft.Cdn/profiles/Front-Door-Standard/afdEndpoints/applications-endpoint",
            "cdn_frontdoor_origin_group_id": "/subscriptions/b4794ef1-0cdc-4c13-ab35-36826e82095a/resourceGroups/rg-smiling-swine/providers/Microsoft.Cdn/profiles/Front-Door-Standard/originGroups/applications",
            "cdn_frontdoor_origin_ids": [
              "/subscriptions/b4794ef1-0cdc-4c13-ab35-36826e82095a/resourceGroups/rg-smiling-swine/providers/Microsoft.Cdn/profiles/Front-Door-Standard/originGroups/applications/origins/webapp-arkate-002"
            ],
            "cdn_frontdoor_origin_path": "",
            "cdn_frontdoor_rule_set_ids": null,
            "enabled": true,
            "forwarding_protocol": "MatchRequest",
            "https_redirect_enabled": true,
            "id": "/subscriptions/b4794ef1-0cdc-4c13-ab35-36826e82095a/resourceGroups/rg-smiling-swine/providers/Microsoft.Cdn/profiles/Front-Door-Standard/afdEndpoints/applications-endpoint/routes/applications-route",
            "link_to_default_domain": true,
            "name": "applications-route",
            "patterns_to_match": [
              "/*"
            ],
            "supported_protocols": [
              "Http",
              "Https"
            ],
            "timeouts": null
          },
          "sensitive_attributes": [],
          "private": "eyJlMmJmYjczMC1lY2FhLTExZTYtOGY4OC0zNDM2M2JjN2M0YzAiOnsiY3JlYXRlIjoxODAwMDAwMDAwMDAwLCJkZWxldGUiOjE4MDAwMDAwMDAwMDAsInJlYWQiOjMwMDAwMDAwMDAwMCwidXBkYXRlIjoxODAwMDAwMDAwMDAwfX0=",
          "dependencies": [
            "module.Front_Door.azurerm_cdn_frontdoor_endpoint.endpoints",
            "module.Front_Door.azurerm_cdn_frontdoor_origin.origins",
            "module.Front_Door.azurerm_cdn_frontdoor_origin_group.origin_groups",
            "module.Front_Door.azurerm_cdn_frontdoor_profile.profile",
            "module.Front_Door.data.azurerm_cdn_frontdoor_endpoint.endpoints",
            "module.Front_Door.data.azurerm_cdn_frontdoor_origin_group.origin_groups",
            "module.Front_Door.data.azurerm_resource_group.current"
          ]
        },
        {
          "index_key": 1,
          "schema_version": 0,
          "attributes": {
            "cache": [],
            "cdn_frontdoor_custom_domain_ids": null,
            "cdn_frontdoor_endpoint_id": "/subscriptions/b4794ef1-0cdc-4c13-ab35-36826e82095a/resourceGroups/rg-smiling-swine/providers/Microsoft.Cdn/profiles/Front-Door-Standard/afdEndpoints/back-office-endpoint",
            "cdn_frontdoor_origin_group_id": "/subscriptions/b4794ef1-0cdc-4c13-ab35-36826e82095a/resourceGroups/rg-smiling-swine/providers/Microsoft.Cdn/profiles/Front-Door-Standard/originGroups/back-office",
            "cdn_frontdoor_origin_ids": [
              "/subscriptions/b4794ef1-0cdc-4c13-ab35-36826e82095a/resourceGroups/rg-smiling-swine/providers/Microsoft.Cdn/profiles/Front-Door-Standard/originGroups/back-office/origins/webapp-arkate-001",
              "/subscriptions/b4794ef1-0cdc-4c13-ab35-36826e82095a/resourceGroups/rg-smiling-swine/providers/Microsoft.Cdn/profiles/Front-Door-Standard/originGroups/back-office/origins/webapp-arkate-002"
            ],
            "cdn_frontdoor_origin_path": "",
            "cdn_frontdoor_rule_set_ids": null,
            "enabled": true,
            "forwarding_protocol": "MatchRequest",
            "https_redirect_enabled": true,
            "id": "/subscriptions/b4794ef1-0cdc-4c13-ab35-36826e82095a/resourceGroups/rg-smiling-swine/providers/Microsoft.Cdn/profiles/Front-Door-Standard/afdEndpoints/back-office-endpoint/routes/back-office-route",
            "link_to_default_domain": true,
            "name": "back-office-route",
            "patterns_to_match": [
              "/*"
            ],
            "supported_protocols": [
              "Http",
              "Https"
            ],
            "timeouts": null
          },
          "sensitive_attributes": [],
          "private": "eyJlMmJmYjczMC1lY2FhLTExZTYtOGY4OC0zNDM2M2JjN2M0YzAiOnsiY3JlYXRlIjoxODAwMDAwMDAwMDAwLCJkZWxldGUiOjE4MDAwMDAwMDAwMDAsInJlYWQiOjMwMDAwMDAwMDAwMCwidXBkYXRlIjoxODAwMDAwMDAwMDAwfX0=",
          "dependencies": [
            "module.Front_Door.azurerm_cdn_frontdoor_endpoint.endpoints",
            "module.Front_Door.azurerm_cdn_frontdoor_origin.origins",
            "module.Front_Door.azurerm_cdn_frontdoor_origin_group.origin_groups",
            "module.Front_Door.azurerm_cdn_frontdoor_profile.profile",
            "module.Front_Door.data.azurerm_cdn_frontdoor_endpoint.endpoints",
            "module.Front_Door.data.azurerm_cdn_frontdoor_origin_group.origin_groups",
            "module.Front_Door.data.azurerm_resource_group.current"
          ]
        }
      ]
    }
  ],
  "check_results": null
}
